PODS:
  - OneSignal (3.11.2):
    - OneSignal/OneSignalCore (= 3.11.2)
    - OneSignal/OneSignalExtension (= 3.11.2)
    - OneSignal/OneSignalOutcomes (= 3.11.2)
  - OneSignal/OneSignalCore (3.11.2)
  - OneSignal/OneSignalExtension (3.11.2):
    - OneSignal/OneSignalCore
    - OneSignal/OneSignalOutcomes
  - OneSignal/OneSignalOutcomes (3.11.2):
    - OneSignal/OneSignalCore

DEPENDENCIES:
  - OneSignal (< 4.0, >= 3.0.0)

SPEC REPOS:
  https://github.com/CocoaPods/Specs.git:
    - OneSignal

SPEC CHECKSUMS:
  OneSignal: 8861a1407c321ca1ae59d3adca6286eb7caf9d6e

PODFILE CHECKSUM: c105ca50ccc955a5d3871e67047cc079f9e4488d

COCOAPODS: 1.11.3
