PODS:
  - OneSignal (3.11.0):
    - OneSignal/OneSignalCore (= 3.11.0)
    - OneSignal/OneSignalExtension (= 3.11.0)
    - OneSignal/OneSignalOutcomes (= 3.11.0)
  - OneSignal/OneSignalCore (3.11.0)
  - OneSignal/OneSignalExtension (3.11.0):
    - OneSignal/OneSignalCore
    - OneSignal/OneSignalOutcomes
  - OneSignal/OneSignalOutcomes (3.11.0):
    - OneSignal/OneSignalCore

DEPENDENCIES:
  - OneSignal (< 4.0, >= 3.0.0)

SPEC REPOS:
  https://github.com/CocoaPods/Specs.git:
    - OneSignal

SPEC CHECKSUMS:
  OneSignal: e27934f1c9d1a1e6d9d6fc84d2c82912c16ce282

PODFILE CHECKSUM: c105ca50ccc955a5d3871e67047cc079f9e4488d

COCOAPODS: 1.11.3
