// !$*UTF8*$!
{
	archiveVersion = 1;
	classes = {
	};
	objectVersion = 46;
	objects = {

/* Begin PBXBuildFile section */
		DC0200091F0EF95C00ECA5EA /* DefaultsKey.swift in Sources */ = {isa = PBXBuildFile; fileRef = DC0200081F0EF95C00ECA5EA /* DefaultsKey.swift */; };
		DC08314F1E407B7F00A62520 /* AppDelegate.swift in Sources */ = {isa = PBXBuildFile; fileRef = DC08314E1E407B7F00A62520 /* AppDelegate.swift */; };
		DC0831541E407B8000A62520 /* Main.storyboard in Resources */ = {isa = PBXBuildFile; fileRef = DC0831521E407B8000A62520 /* Main.storyboard */; };
		DC0831561E407B8000A62520 /* Assets.xcassets in Resources */ = {isa = PBXBuildFile; fileRef = DC0831551E407B8000A62520 /* Assets.xcassets */; };
		DC0831591E407B8000A62520 /* LaunchScreen.storyboard in Resources */ = {isa = PBXBuildFile; fileRef = DC0831571E407B8000A62520 /* LaunchScreen.storyboard */; };
		DC0831641E407B8000A62520 /* Stand_MinusTests.swift in Sources */ = {isa = PBXBuildFile; fileRef = DC0831631E407B8000A62520 /* Stand_MinusTests.swift */; };
		DC08316F1E407B8000A62520 /* Stand_MinusUITests.swift in Sources */ = {isa = PBXBuildFile; fileRef = DC08316E1E407B8000A62520 /* Stand_MinusUITests.swift */; };
		DC0831741E407B8000A62520 /* Stand Minus WatchKit App.app in Embed Watch Content */ = {isa = PBXBuildFile; fileRef = DC0831731E407B8000A62520 /* Stand Minus WatchKit App.app */; };
		DC08317A1E407B8000A62520 /* Interface.storyboard in Resources */ = {isa = PBXBuildFile; fileRef = DC0831781E407B8000A62520 /* Interface.storyboard */; };
		DC08317C1E407B8000A62520 /* Assets.xcassets in Resources */ = {isa = PBXBuildFile; fileRef = DC08317B1E407B8000A62520 /* Assets.xcassets */; };
		DC0831831E407B8000A62520 /* Stand Minus WatchKit Extension.appex in Embed App Extensions */ = {isa = PBXBuildFile; fileRef = DC0831821E407B8000A62520 /* Stand Minus WatchKit Extension.appex */; settings = {ATTRIBUTES = (RemoveHeadersOnCopy, ); }; };
		DC08318A1E407B8000A62520 /* InterfaceController.swift in Sources */ = {isa = PBXBuildFile; fileRef = DC0831891E407B8000A62520 /* InterfaceController.swift */; };
		DC08318C1E407B8000A62520 /* ExtensionDelegate.swift in Sources */ = {isa = PBXBuildFile; fileRef = DC08318B1E407B8000A62520 /* ExtensionDelegate.swift */; };
		DC08318E1E407B8000A62520 /* NotificationController.swift in Sources */ = {isa = PBXBuildFile; fileRef = DC08318D1E407B8000A62520 /* NotificationController.swift */; };
		DC0831901E407B8000A62520 /* ComplicationController.swift in Sources */ = {isa = PBXBuildFile; fileRef = DC08318F1E407B8000A62520 /* ComplicationController.swift */; };
		DC0831921E407B8000A62520 /* Assets.xcassets in Resources */ = {isa = PBXBuildFile; fileRef = DC0831911E407B8000A62520 /* Assets.xcassets */; };
		DC0BAF881E50620F0030C18C /* Assets.xcassets in Resources */ = {isa = PBXBuildFile; fileRef = DC0831911E407B8000A62520 /* Assets.xcassets */; };
		DC0BAF891E5062640030C18C /* Assets.xcassets in Resources */ = {isa = PBXBuildFile; fileRef = DC08317B1E407B8000A62520 /* Assets.xcassets */; };
		DC0E8AE31E527B7500C2ACE3 /* Localizable.strings in Resources */ = {isa = PBXBuildFile; fileRef = DC0E8AE51E527B7500C2ACE3 /* Localizable.strings */; };
		DC0E8AF71E52AFE700C2ACE3 /* StepTwoViewController.swift in Sources */ = {isa = PBXBuildFile; fileRef = DC0E8AF61E52AFE700C2ACE3 /* StepTwoViewController.swift */; };
		DC0E8AF91E52AFF400C2ACE3 /* StepThreeViewController.swift in Sources */ = {isa = PBXBuildFile; fileRef = DC0E8AF81E52AFF400C2ACE3 /* StepThreeViewController.swift */; };
		DC0E8AFB1E52B00C00C2ACE3 /* StepOneViewController.swift in Sources */ = {isa = PBXBuildFile; fileRef = DC0E8AFA1E52B00C00C2ACE3 /* StepOneViewController.swift */; };
		DC0E8B021E52B1C300C2ACE3 /* step_one.png in Resources */ = {isa = PBXBuildFile; fileRef = DC0E8AFF1E52B1C300C2ACE3 /* step_one.png */; };
		DC0E8B031E52B1C300C2ACE3 /* step_three.png in Resources */ = {isa = PBXBuildFile; fileRef = DC0E8B001E52B1C300C2ACE3 /* step_three.png */; };
		DC0E8B041E52B1C300C2ACE3 /* step_two.png in Resources */ = {isa = PBXBuildFile; fileRef = DC0E8B011E52B1C300C2ACE3 /* step_two.png */; };
		DC0E8B131E52B51800C2ACE3 /* step_one_tw.png in Resources */ = {isa = PBXBuildFile; fileRef = DC0E8B0C1E52B51800C2ACE3 /* step_one_tw.png */; };
		DC0E8B141E52B51800C2ACE3 /* step_three_tw.png in Resources */ = {isa = PBXBuildFile; fileRef = DC0E8B0D1E52B51800C2ACE3 /* step_three_tw.png */; };
		DC0E8B161E52B51800C2ACE3 /* step_one_zh.png in Resources */ = {isa = PBXBuildFile; fileRef = DC0E8B101E52B51800C2ACE3 /* step_one_zh.png */; };
		DC0E8B171E52B51800C2ACE3 /* step_three_zh.png in Resources */ = {isa = PBXBuildFile; fileRef = DC0E8B111E52B51800C2ACE3 /* step_three_zh.png */; };
		DC0E8B181E52B51800C2ACE3 /* step_two_zh.png in Resources */ = {isa = PBXBuildFile; fileRef = DC0E8B121E52B51800C2ACE3 /* step_two_zh.png */; };
		DC0E8B2B1E52BABE00C2ACE3 /* InfoPlist.strings in Resources */ = {isa = PBXBuildFile; fileRef = DC0E8B2D1E52BABE00C2ACE3 /* InfoPlist.strings */; };
		DC0E8B301E52BABE00C2ACE3 /* InfoPlist.strings in Resources */ = {isa = PBXBuildFile; fileRef = DC0E8B321E52BABE00C2ACE3 /* InfoPlist.strings */; };
		DC0E8B351E52BABF00C2ACE3 /* Localizable.strings in Resources */ = {isa = PBXBuildFile; fileRef = DC0E8B371E52BABF00C2ACE3 /* Localizable.strings */; };
		DC0E8B3A1E52BABF00C2ACE3 /* InfoPlist.strings in Resources */ = {isa = PBXBuildFile; fileRef = DC0E8B3C1E52BABF00C2ACE3 /* InfoPlist.strings */; };
		DC0E8B3F1E52BAC000C2ACE3 /* InfoPlist.strings in Resources */ = {isa = PBXBuildFile; fileRef = DC0E8B411E52BAC000C2ACE3 /* InfoPlist.strings */; };
		DC0E8B441E52BAC000C2ACE3 /* InfoPlist.strings in Resources */ = {isa = PBXBuildFile; fileRef = DC0E8B461E52BAC000C2ACE3 /* InfoPlist.strings */; };
		DC0E8B501E52D07F00C2ACE3 /* AboutViewController.swift in Sources */ = {isa = PBXBuildFile; fileRef = DC0E8B4F1E52D07F00C2ACE3 /* AboutViewController.swift */; };
		DC38DC911F33EDDC002AE212 /* CoreTelephony.framework in Frameworks */ = {isa = PBXBuildFile; fileRef = DCDAC5B61E43246B004D6F10 /* CoreTelephony.framework */; };
		DC38DC921F33EDE6002AE212 /* SystemConfiguration.framework in Frameworks */ = {isa = PBXBuildFile; fileRef = DCDAC5B81E43247D004D6F10 /* SystemConfiguration.framework */; };
		DC38DC9C1F33F0E8002AE212 /* libXG-SDK.a in Frameworks */ = {isa = PBXBuildFile; fileRef = DC38DC941F33EEB3002AE212 /* libXG-SDK.a */; };
		DC38DC9D1F33F0FB002AE212 /* libz.tbd in Frameworks */ = {isa = PBXBuildFile; fileRef = DCDAC5C11E432508004D6F10 /* libz.tbd */; };
		DC468CB51F38248B002BAC42 /* DebugViewController.swift in Sources */ = {isa = PBXBuildFile; fileRef = DC468CB41F38248B002BAC42 /* DebugViewController.swift */; };
		DC468CB61F382CE6002BAC42 /* DefaultsKey.swift in Sources */ = {isa = PBXBuildFile; fileRef = DC0200081F0EF95C00ECA5EA /* DefaultsKey.swift */; };
		DC788AF41E417BD000C7ED60 /* HealthKit.framework in Frameworks */ = {isa = PBXBuildFile; fileRef = DC788AF31E417BD000C7ED60 /* HealthKit.framework */; };
		DC788AF71E41824D00C7ED60 /* HealthKit.framework in Frameworks */ = {isa = PBXBuildFile; fileRef = DC788AF61E41824D00C7ED60 /* HealthKit.framework */; };
		DC7C4F4E1F371B18001BFF83 /* MessageType.swift in Sources */ = {isa = PBXBuildFile; fileRef = DC7C4F4D1F371B18001BFF83 /* MessageType.swift */; };
		DC7C4F4F1F371B3A001BFF83 /* MessageType.swift in Sources */ = {isa = PBXBuildFile; fileRef = DC7C4F4D1F371B18001BFF83 /* MessageType.swift */; };
		DC9AC4811E480D8000F52028 /* TodayStandData.swift in Sources */ = {isa = PBXBuildFile; fileRef = DC9AC4801E480D8000F52028 /* TodayStandData.swift */; };
		DC9AC4831E480D8E00F52028 /* StandHourQuery.swift in Sources */ = {isa = PBXBuildFile; fileRef = DC9AC4821E480D8E00F52028 /* StandHourQuery.swift */; };
		DCA8E9B31E5188BD004A3979 /* PageViewController.swift in Sources */ = {isa = PBXBuildFile; fileRef = DCA8E9B21E5188BD004A3979 /* PageViewController.swift */; };
		DCC18A551E52DBB200A0BA79 /* step_two_tw.png in Resources */ = {isa = PBXBuildFile; fileRef = DCC18A541E52DBB200A0BA79 /* step_two_tw.png */; };
/* End PBXBuildFile section */

/* Begin PBXContainerItemProxy section */
		DC0831601E407B8000A62520 /* PBXContainerItemProxy */ = {
			isa = PBXContainerItemProxy;
			containerPortal = DC0831431E407B7F00A62520 /* Project object */;
			proxyType = 1;
			remoteGlobalIDString = DC08314A1E407B7F00A62520;
			remoteInfo = "Stand Minus";
		};
		DC08316B1E407B8000A62520 /* PBXContainerItemProxy */ = {
			isa = PBXContainerItemProxy;
			containerPortal = DC0831431E407B7F00A62520 /* Project object */;
			proxyType = 1;
			remoteGlobalIDString = DC08314A1E407B7F00A62520;
			remoteInfo = "Stand Minus";
		};
		DC0831751E407B8000A62520 /* PBXContainerItemProxy */ = {
			isa = PBXContainerItemProxy;
			containerPortal = DC0831431E407B7F00A62520 /* Project object */;
			proxyType = 1;
			remoteGlobalIDString = DC0831721E407B8000A62520;
			remoteInfo = "Stand Minus WatchKit App";
		};
		DC0831841E407B8000A62520 /* PBXContainerItemProxy */ = {
			isa = PBXContainerItemProxy;
			containerPortal = DC0831431E407B7F00A62520 /* Project object */;
			proxyType = 1;
			remoteGlobalIDString = DC0831811E407B8000A62520;
			remoteInfo = "Stand Minus WatchKit Extension";
		};
/* End PBXContainerItemProxy section */

/* Begin PBXCopyFilesBuildPhase section */
		DC0831991E407B8000A62520 /* Embed App Extensions */ = {
			isa = PBXCopyFilesBuildPhase;
			buildActionMask = 2147483647;
			dstPath = "";
			dstSubfolderSpec = 13;
			files = (
				DC0831831E407B8000A62520 /* Stand Minus WatchKit Extension.appex in Embed App Extensions */,
			);
			name = "Embed App Extensions";
			runOnlyForDeploymentPostprocessing = 0;
		};
		DC08319D1E407B8000A62520 /* Embed Watch Content */ = {
			isa = PBXCopyFilesBuildPhase;
			buildActionMask = 2147483647;
			dstPath = "$(CONTENTS_FOLDER_PATH)/Watch";
			dstSubfolderSpec = 16;
			files = (
				DC0831741E407B8000A62520 /* Stand Minus WatchKit App.app in Embed Watch Content */,
			);
			name = "Embed Watch Content";
			runOnlyForDeploymentPostprocessing = 0;
		};
/* End PBXCopyFilesBuildPhase section */

/* Begin PBXFileReference section */
		DC0200081F0EF95C00ECA5EA /* DefaultsKey.swift */ = {isa = PBXFileReference; lastKnownFileType = sourcecode.swift; path = DefaultsKey.swift; sourceTree = "<group>"; };
		DC08314B1E407B7F00A62520 /* Stand Minus.app */ = {isa = PBXFileReference; explicitFileType = wrapper.application; includeInIndex = 0; path = "Stand Minus.app"; sourceTree = BUILT_PRODUCTS_DIR; };
		DC08314E1E407B7F00A62520 /* AppDelegate.swift */ = {isa = PBXFileReference; lastKnownFileType = sourcecode.swift; lineEnding = 0; path = AppDelegate.swift; sourceTree = "<group>"; xcLanguageSpecificationIdentifier = xcode.lang.swift; };
		DC0831551E407B8000A62520 /* Assets.xcassets */ = {isa = PBXFileReference; lastKnownFileType = folder.assetcatalog; path = Assets.xcassets; sourceTree = "<group>"; };
		DC0831581E407B8000A62520 /* Base */ = {isa = PBXFileReference; lastKnownFileType = file.storyboard; name = Base; path = Base.lproj/LaunchScreen.storyboard; sourceTree = "<group>"; };
		DC08315A1E407B8000A62520 /* Info.plist */ = {isa = PBXFileReference; lastKnownFileType = text.plist.xml; path = Info.plist; sourceTree = "<group>"; };
		DC08315F1E407B8000A62520 /* Stand MinusTests.xctest */ = {isa = PBXFileReference; explicitFileType = wrapper.cfbundle; includeInIndex = 0; path = "Stand MinusTests.xctest"; sourceTree = BUILT_PRODUCTS_DIR; };
		DC0831631E407B8000A62520 /* Stand_MinusTests.swift */ = {isa = PBXFileReference; lastKnownFileType = sourcecode.swift; path = Stand_MinusTests.swift; sourceTree = "<group>"; };
		DC0831651E407B8000A62520 /* Info.plist */ = {isa = PBXFileReference; lastKnownFileType = text.plist.xml; path = Info.plist; sourceTree = "<group>"; };
		DC08316A1E407B8000A62520 /* Stand MinusUITests.xctest */ = {isa = PBXFileReference; explicitFileType = wrapper.cfbundle; includeInIndex = 0; path = "Stand MinusUITests.xctest"; sourceTree = BUILT_PRODUCTS_DIR; };
		DC08316E1E407B8000A62520 /* Stand_MinusUITests.swift */ = {isa = PBXFileReference; lastKnownFileType = sourcecode.swift; path = Stand_MinusUITests.swift; sourceTree = "<group>"; };
		DC0831701E407B8000A62520 /* Info.plist */ = {isa = PBXFileReference; lastKnownFileType = text.plist.xml; path = Info.plist; sourceTree = "<group>"; };
		DC0831731E407B8000A62520 /* Stand Minus WatchKit App.app */ = {isa = PBXFileReference; explicitFileType = wrapper.application; includeInIndex = 0; path = "Stand Minus WatchKit App.app"; sourceTree = BUILT_PRODUCTS_DIR; };
		DC0831791E407B8000A62520 /* Base */ = {isa = PBXFileReference; lastKnownFileType = file.storyboard; name = Base; path = Base.lproj/Interface.storyboard; sourceTree = "<group>"; };
		DC08317B1E407B8000A62520 /* Assets.xcassets */ = {isa = PBXFileReference; lastKnownFileType = folder.assetcatalog; path = Assets.xcassets; sourceTree = "<group>"; };
		DC08317D1E407B8000A62520 /* Info.plist */ = {isa = PBXFileReference; lastKnownFileType = text.plist.xml; path = Info.plist; sourceTree = "<group>"; };
		DC0831821E407B8000A62520 /* Stand Minus WatchKit Extension.appex */ = {isa = PBXFileReference; explicitFileType = "wrapper.app-extension"; includeInIndex = 0; path = "Stand Minus WatchKit Extension.appex"; sourceTree = BUILT_PRODUCTS_DIR; };
		DC0831881E407B8000A62520 /* PushNotificationPayload.apns */ = {isa = PBXFileReference; lastKnownFileType = text; path = PushNotificationPayload.apns; sourceTree = "<group>"; };
		DC0831891E407B8000A62520 /* InterfaceController.swift */ = {isa = PBXFileReference; lastKnownFileType = sourcecode.swift; lineEnding = 0; path = InterfaceController.swift; sourceTree = "<group>"; xcLanguageSpecificationIdentifier = xcode.lang.swift; };
		DC08318B1E407B8000A62520 /* ExtensionDelegate.swift */ = {isa = PBXFileReference; lastKnownFileType = sourcecode.swift; lineEnding = 0; path = ExtensionDelegate.swift; sourceTree = "<group>"; xcLanguageSpecificationIdentifier = xcode.lang.swift; };
		DC08318D1E407B8000A62520 /* NotificationController.swift */ = {isa = PBXFileReference; lastKnownFileType = sourcecode.swift; path = NotificationController.swift; sourceTree = "<group>"; };
		DC08318F1E407B8000A62520 /* ComplicationController.swift */ = {isa = PBXFileReference; lastKnownFileType = sourcecode.swift; lineEnding = 0; path = ComplicationController.swift; sourceTree = "<group>"; xcLanguageSpecificationIdentifier = xcode.lang.swift; };
		DC0831911E407B8000A62520 /* Assets.xcassets */ = {isa = PBXFileReference; lastKnownFileType = folder.assetcatalog; path = Assets.xcassets; sourceTree = "<group>"; };
		DC0831931E407B8000A62520 /* Info.plist */ = {isa = PBXFileReference; lastKnownFileType = text.plist.xml; path = Info.plist; sourceTree = "<group>"; };
		DC0E8AF11E527C4400C2ACE3 /* en */ = {isa = PBXFileReference; lastKnownFileType = text.plist.strings; name = en; path = en.lproj/Localizable.strings; sourceTree = "<group>"; };
		DC0E8AF21E52851700C2ACE3 /* Base */ = {isa = PBXFileReference; lastKnownFileType = text.plist.strings; name = Base; path = Base.lproj/Localizable.strings; sourceTree = "<group>"; };
		DC0E8AF61E52AFE700C2ACE3 /* StepTwoViewController.swift */ = {isa = PBXFileReference; fileEncoding = 4; lastKnownFileType = sourcecode.swift; path = StepTwoViewController.swift; sourceTree = "<group>"; };
		DC0E8AF81E52AFF400C2ACE3 /* StepThreeViewController.swift */ = {isa = PBXFileReference; fileEncoding = 4; lastKnownFileType = sourcecode.swift; path = StepThreeViewController.swift; sourceTree = "<group>"; };
		DC0E8AFA1E52B00C00C2ACE3 /* StepOneViewController.swift */ = {isa = PBXFileReference; fileEncoding = 4; lastKnownFileType = sourcecode.swift; path = StepOneViewController.swift; sourceTree = "<group>"; };
		DC0E8AFF1E52B1C300C2ACE3 /* step_one.png */ = {isa = PBXFileReference; lastKnownFileType = image.png; name = step_one.png; path = en/step_one.png; sourceTree = "<group>"; };
		DC0E8B001E52B1C300C2ACE3 /* step_three.png */ = {isa = PBXFileReference; lastKnownFileType = image.png; name = step_three.png; path = en/step_three.png; sourceTree = "<group>"; };
		DC0E8B011E52B1C300C2ACE3 /* step_two.png */ = {isa = PBXFileReference; lastKnownFileType = image.png; name = step_two.png; path = en/step_two.png; sourceTree = "<group>"; };
		DC0E8B0C1E52B51800C2ACE3 /* step_one_tw.png */ = {isa = PBXFileReference; lastKnownFileType = image.png; name = step_one_tw.png; path = tw/step_one_tw.png; sourceTree = "<group>"; };
		DC0E8B0D1E52B51800C2ACE3 /* step_three_tw.png */ = {isa = PBXFileReference; lastKnownFileType = image.png; name = step_three_tw.png; path = tw/step_three_tw.png; sourceTree = "<group>"; };
		DC0E8B101E52B51800C2ACE3 /* step_one_zh.png */ = {isa = PBXFileReference; lastKnownFileType = image.png; name = step_one_zh.png; path = zh/step_one_zh.png; sourceTree = "<group>"; };
		DC0E8B111E52B51800C2ACE3 /* step_three_zh.png */ = {isa = PBXFileReference; lastKnownFileType = image.png; name = step_three_zh.png; path = zh/step_three_zh.png; sourceTree = "<group>"; };
		DC0E8B121E52B51800C2ACE3 /* step_two_zh.png */ = {isa = PBXFileReference; lastKnownFileType = image.png; name = step_two_zh.png; path = zh/step_two_zh.png; sourceTree = "<group>"; };
		DC0E8B201E52B9D900C2ACE3 /* Base */ = {isa = PBXFileReference; lastKnownFileType = file.storyboard; name = Base; path = Base.lproj/Main.storyboard; sourceTree = "<group>"; };
		DC0E8B211E52BAA300C2ACE3 /* zh-Hans */ = {isa = PBXFileReference; lastKnownFileType = text.plist.strings; name = "zh-Hans"; path = "zh-Hans.lproj/LaunchScreen.strings"; sourceTree = "<group>"; };
		DC0E8B221E52BAA300C2ACE3 /* zh-Hans */ = {isa = PBXFileReference; lastKnownFileType = text.plist.strings; name = "zh-Hans"; path = "zh-Hans.lproj/Interface.strings"; sourceTree = "<group>"; };
		DC0E8B241E52BAA300C2ACE3 /* zh-Hans */ = {isa = PBXFileReference; lastKnownFileType = text.plist.strings; name = "zh-Hans"; path = "zh-Hans.lproj/Localizable.strings"; sourceTree = "<group>"; };
		DC0E8B251E52BAB000C2ACE3 /* zh-Hant */ = {isa = PBXFileReference; lastKnownFileType = text.plist.strings; name = "zh-Hant"; path = "zh-Hant.lproj/LaunchScreen.strings"; sourceTree = "<group>"; };
		DC0E8B261E52BAB000C2ACE3 /* zh-Hant */ = {isa = PBXFileReference; lastKnownFileType = text.plist.strings; name = "zh-Hant"; path = "zh-Hant.lproj/Interface.strings"; sourceTree = "<group>"; };
		DC0E8B281E52BAB000C2ACE3 /* zh-Hant */ = {isa = PBXFileReference; lastKnownFileType = text.plist.strings; name = "zh-Hant"; path = "zh-Hant.lproj/Localizable.strings"; sourceTree = "<group>"; };
		DC0E8B2C1E52BABE00C2ACE3 /* zh-Hans */ = {isa = PBXFileReference; lastKnownFileType = text.plist.strings; name = "zh-Hans"; path = "zh-Hans.lproj/InfoPlist.strings"; sourceTree = "<group>"; };
		DC0E8B311E52BABE00C2ACE3 /* zh-Hans */ = {isa = PBXFileReference; lastKnownFileType = text.plist.strings; name = "zh-Hans"; path = "zh-Hans.lproj/InfoPlist.strings"; sourceTree = "<group>"; };
		DC0E8B361E52BABF00C2ACE3 /* zh-Hans */ = {isa = PBXFileReference; lastKnownFileType = text.plist.strings; name = "zh-Hans"; path = "zh-Hans.lproj/Localizable.strings"; sourceTree = "<group>"; };
		DC0E8B3B1E52BABF00C2ACE3 /* zh-Hans */ = {isa = PBXFileReference; lastKnownFileType = text.plist.strings; name = "zh-Hans"; path = "zh-Hans.lproj/InfoPlist.strings"; sourceTree = "<group>"; };
		DC0E8B401E52BAC000C2ACE3 /* zh-Hans */ = {isa = PBXFileReference; lastKnownFileType = text.plist.strings; name = "zh-Hans"; path = "zh-Hans.lproj/InfoPlist.strings"; sourceTree = "<group>"; };
		DC0E8B451E52BAC000C2ACE3 /* zh-Hans */ = {isa = PBXFileReference; lastKnownFileType = text.plist.strings; name = "zh-Hans"; path = "zh-Hans.lproj/InfoPlist.strings"; sourceTree = "<group>"; };
		DC0E8B471E52BBC800C2ACE3 /* zh-Hans */ = {isa = PBXFileReference; lastKnownFileType = text.plist.strings; name = "zh-Hans"; path = "zh-Hans.lproj/Main.strings"; sourceTree = "<group>"; };
		DC0E8B481E52C11B00C2ACE3 /* zh-Hant */ = {isa = PBXFileReference; lastKnownFileType = text.plist.strings; name = "zh-Hant"; path = "zh-Hant.lproj/InfoPlist.strings"; sourceTree = "<group>"; };
		DC0E8B491E52C11C00C2ACE3 /* zh-Hant */ = {isa = PBXFileReference; lastKnownFileType = text.plist.strings; name = "zh-Hant"; path = "zh-Hant.lproj/InfoPlist.strings"; sourceTree = "<group>"; };
		DC0E8B4A1E52C11C00C2ACE3 /* zh-Hant */ = {isa = PBXFileReference; lastKnownFileType = text.plist.strings; name = "zh-Hant"; path = "zh-Hant.lproj/Localizable.strings"; sourceTree = "<group>"; };
		DC0E8B4B1E52C11C00C2ACE3 /* zh-Hant */ = {isa = PBXFileReference; lastKnownFileType = text.plist.strings; name = "zh-Hant"; path = "zh-Hant.lproj/Main.strings"; sourceTree = "<group>"; };
		DC0E8B4C1E52C11C00C2ACE3 /* zh-Hant */ = {isa = PBXFileReference; lastKnownFileType = text.plist.strings; name = "zh-Hant"; path = "zh-Hant.lproj/InfoPlist.strings"; sourceTree = "<group>"; };
		DC0E8B4D1E52C11C00C2ACE3 /* zh-Hant */ = {isa = PBXFileReference; lastKnownFileType = text.plist.strings; name = "zh-Hant"; path = "zh-Hant.lproj/InfoPlist.strings"; sourceTree = "<group>"; };
		DC0E8B4E1E52C11D00C2ACE3 /* zh-Hant */ = {isa = PBXFileReference; lastKnownFileType = text.plist.strings; name = "zh-Hant"; path = "zh-Hant.lproj/InfoPlist.strings"; sourceTree = "<group>"; };
		DC0E8B4F1E52D07F00C2ACE3 /* AboutViewController.swift */ = {isa = PBXFileReference; fileEncoding = 4; lastKnownFileType = sourcecode.swift; path = AboutViewController.swift; sourceTree = "<group>"; };
		DC38DC8B1F33EDCB002AE212 /* libXG-SDK.a */ = {isa = PBXFileReference; lastKnownFileType = archive.ar; name = "libXG-SDK.a"; path = "../../Downloads/Xg-Push-SDK-iOS-2.5.0/demo/sdk/libXG-SDK.a"; sourceTree = "<group>"; };
		DC38DC8C1F33EDCB002AE212 /* XGSetting.h */ = {isa = PBXFileReference; lastKnownFileType = sourcecode.c.h; name = XGSetting.h; path = "../../Downloads/Xg-Push-SDK-iOS-2.5.0/demo/sdk/XGSetting.h"; sourceTree = "<group>"; };
		DC38DC8D1F33EDCB002AE212 /* XGPush.h */ = {isa = PBXFileReference; lastKnownFileType = sourcecode.c.h; name = XGPush.h; path = "../../Downloads/Xg-Push-SDK-iOS-2.5.0/demo/sdk/XGPush.h"; sourceTree = "<group>"; };
		DC38DC941F33EEB3002AE212 /* libXG-SDK.a */ = {isa = PBXFileReference; lastKnownFileType = archive.ar; path = "libXG-SDK.a"; sourceTree = "<group>"; };
		DC38DC961F33EEB3002AE212 /* XGPush.h */ = {isa = PBXFileReference; lastKnownFileType = sourcecode.c.h; path = XGPush.h; sourceTree = "<group>"; };
		DC38DC971F33EEB3002AE212 /* XGSetting.h */ = {isa = PBXFileReference; lastKnownFileType = sourcecode.c.h; path = XGSetting.h; sourceTree = "<group>"; };
		DC468CB41F38248B002BAC42 /* DebugViewController.swift */ = {isa = PBXFileReference; lastKnownFileType = sourcecode.swift; path = DebugViewController.swift; sourceTree = "<group>"; };
		DC788AF11E417BD000C7ED60 /* Stand Minus WatchKit Extension.entitlements */ = {isa = PBXFileReference; lastKnownFileType = text.plist.entitlements; path = "Stand Minus WatchKit Extension.entitlements"; sourceTree = "<group>"; };
		DC788AF31E417BD000C7ED60 /* HealthKit.framework */ = {isa = PBXFileReference; lastKnownFileType = wrapper.framework; name = HealthKit.framework; path = Platforms/WatchOS.platform/Developer/SDKs/WatchOS3.1.sdk/System/Library/Frameworks/HealthKit.framework; sourceTree = DEVELOPER_DIR; };
		DC788AF51E41824D00C7ED60 /* Stand Minus.entitlements */ = {isa = PBXFileReference; lastKnownFileType = text.plist.entitlements; path = "Stand Minus.entitlements"; sourceTree = "<group>"; };
		DC788AF61E41824D00C7ED60 /* HealthKit.framework */ = {isa = PBXFileReference; lastKnownFileType = wrapper.framework; name = HealthKit.framework; path = System/Library/Frameworks/HealthKit.framework; sourceTree = SDKROOT; };
		DC7C4F4D1F371B18001BFF83 /* MessageType.swift */ = {isa = PBXFileReference; lastKnownFileType = sourcecode.swift; path = MessageType.swift; sourceTree = "<group>"; };
		DC9AC4801E480D8000F52028 /* TodayStandData.swift */ = {isa = PBXFileReference; fileEncoding = 4; lastKnownFileType = sourcecode.swift; lineEnding = 0; path = TodayStandData.swift; sourceTree = "<group>"; xcLanguageSpecificationIdentifier = xcode.lang.swift; };
		DC9AC4821E480D8E00F52028 /* StandHourQuery.swift */ = {isa = PBXFileReference; fileEncoding = 4; lastKnownFileType = sourcecode.swift; lineEnding = 0; path = StandHourQuery.swift; sourceTree = "<group>"; xcLanguageSpecificationIdentifier = xcode.lang.swift; };
		DCA8E9B21E5188BD004A3979 /* PageViewController.swift */ = {isa = PBXFileReference; fileEncoding = 4; lastKnownFileType = sourcecode.swift; path = PageViewController.swift; sourceTree = "<group>"; };
		DCC18A541E52DBB200A0BA79 /* step_two_tw.png */ = {isa = PBXFileReference; lastKnownFileType = image.png; name = step_two_tw.png; path = tw/step_two_tw.png; sourceTree = "<group>"; };
		DCDAC5B61E43246B004D6F10 /* CoreTelephony.framework */ = {isa = PBXFileReference; lastKnownFileType = wrapper.framework; name = CoreTelephony.framework; path = System/Library/Frameworks/CoreTelephony.framework; sourceTree = SDKROOT; };
		DCDAC5B81E43247D004D6F10 /* SystemConfiguration.framework */ = {isa = PBXFileReference; lastKnownFileType = wrapper.framework; name = SystemConfiguration.framework; path = System/Library/Frameworks/SystemConfiguration.framework; sourceTree = SDKROOT; };
		DCDAC5C11E432508004D6F10 /* libz.tbd */ = {isa = PBXFileReference; lastKnownFileType = "sourcecode.text-based-dylib-definition"; name = libz.tbd; path = usr/lib/libz.tbd; sourceTree = SDKROOT; };
		DCDAC5C31E434660004D6F10 /* Stand Minus-Bridging-Header.h */ = {isa = PBXFileReference; lastKnownFileType = sourcecode.c.h; path = "Stand Minus-Bridging-Header.h"; sourceTree = "<group>"; };
/* End PBXFileReference section */

/* Begin PBXFrameworksBuildPhase section */
		DC0831481E407B7F00A62520 /* Frameworks */ = {
			isa = PBXFrameworksBuildPhase;
			buildActionMask = 2147483647;
			files = (
				DC38DC9D1F33F0FB002AE212 /* libz.tbd in Frameworks */,
				DC38DC9C1F33F0E8002AE212 /* libXG-SDK.a in Frameworks */,
				DC38DC921F33EDE6002AE212 /* SystemConfiguration.framework in Frameworks */,
				DC38DC911F33EDDC002AE212 /* CoreTelephony.framework in Frameworks */,
				DC788AF71E41824D00C7ED60 /* HealthKit.framework in Frameworks */,
			);
			runOnlyForDeploymentPostprocessing = 0;
		};
		DC08315C1E407B8000A62520 /* Frameworks */ = {
			isa = PBXFrameworksBuildPhase;
			buildActionMask = 2147483647;
			files = (
			);
			runOnlyForDeploymentPostprocessing = 0;
		};
		DC0831671E407B8000A62520 /* Frameworks */ = {
			isa = PBXFrameworksBuildPhase;
			buildActionMask = 2147483647;
			files = (
			);
			runOnlyForDeploymentPostprocessing = 0;
		};
		DC08317F1E407B8000A62520 /* Frameworks */ = {
			isa = PBXFrameworksBuildPhase;
			buildActionMask = 2147483647;
			files = (
				DC788AF41E417BD000C7ED60 /* HealthKit.framework in Frameworks */,
			);
			runOnlyForDeploymentPostprocessing = 0;
		};
/* End PBXFrameworksBuildPhase section */

/* Begin PBXGroup section */
		DC0831421E407B7F00A62520 = {
			isa = PBXGroup;
			children = (
				DC38DC931F33EEB3002AE212 /* sdk */,
				DC08314D1E407B7F00A62520 /* Stand Minus */,
				DC0831621E407B8000A62520 /* Stand MinusTests */,
				DC08316D1E407B8000A62520 /* Stand MinusUITests */,
				DC0831771E407B8000A62520 /* Stand Minus WatchKit App */,
				DC0831861E407B8000A62520 /* Stand Minus WatchKit Extension */,
				DC08314C1E407B7F00A62520 /* Products */,
				DC788AF21E417BD000C7ED60 /* Frameworks */,
			);
			sourceTree = "<group>";
		};
		DC08314C1E407B7F00A62520 /* Products */ = {
			isa = PBXGroup;
			children = (
				DC08314B1E407B7F00A62520 /* Stand Minus.app */,
				DC08315F1E407B8000A62520 /* Stand MinusTests.xctest */,
				DC08316A1E407B8000A62520 /* Stand MinusUITests.xctest */,
				DC0831731E407B8000A62520 /* Stand Minus WatchKit App.app */,
				DC0831821E407B8000A62520 /* Stand Minus WatchKit Extension.appex */,
			);
			name = Products;
			sourceTree = "<group>";
		};
		DC08314D1E407B7F00A62520 /* Stand Minus */ = {
			isa = PBXGroup;
			children = (
				DC0E8B371E52BABF00C2ACE3 /* Localizable.strings */,
				DC0E8B2D1E52BABE00C2ACE3 /* InfoPlist.strings */,
				DC0E8B051E52B1E000C2ACE3 /* images */,
				DC788AF51E41824D00C7ED60 /* Stand Minus.entitlements */,
				DC08314E1E407B7F00A62520 /* AppDelegate.swift */,
				DCA8E9B21E5188BD004A3979 /* PageViewController.swift */,
				DC0E8B4F1E52D07F00C2ACE3 /* AboutViewController.swift */,
				DC468CB41F38248B002BAC42 /* DebugViewController.swift */,
				DC7C4F4D1F371B18001BFF83 /* MessageType.swift */,
				DC0E8AF51E52AFAF00C2ACE3 /* Steps ViewControlloers */,
				DC0831521E407B8000A62520 /* Main.storyboard */,
				DC0831551E407B8000A62520 /* Assets.xcassets */,
				DC0831571E407B8000A62520 /* LaunchScreen.storyboard */,
				DC08315A1E407B8000A62520 /* Info.plist */,
				DCDAC5C31E434660004D6F10 /* Stand Minus-Bridging-Header.h */,
			);
			path = "Stand Minus";
			sourceTree = "<group>";
		};
		DC0831621E407B8000A62520 /* Stand MinusTests */ = {
			isa = PBXGroup;
			children = (
				DC0E8B461E52BAC000C2ACE3 /* InfoPlist.strings */,
				DC0831631E407B8000A62520 /* Stand_MinusTests.swift */,
				DC0831651E407B8000A62520 /* Info.plist */,
			);
			path = "Stand MinusTests";
			sourceTree = "<group>";
		};
		DC08316D1E407B8000A62520 /* Stand MinusUITests */ = {
			isa = PBXGroup;
			children = (
				DC0E8B411E52BAC000C2ACE3 /* InfoPlist.strings */,
				DC08316E1E407B8000A62520 /* Stand_MinusUITests.swift */,
				DC0831701E407B8000A62520 /* Info.plist */,
			);
			path = "Stand MinusUITests";
			sourceTree = "<group>";
		};
		DC0831771E407B8000A62520 /* Stand Minus WatchKit App */ = {
			isa = PBXGroup;
			children = (
				DC0E8B321E52BABE00C2ACE3 /* InfoPlist.strings */,
				DC0831781E407B8000A62520 /* Interface.storyboard */,
				DC08317B1E407B8000A62520 /* Assets.xcassets */,
				DC08317D1E407B8000A62520 /* Info.plist */,
			);
			path = "Stand Minus WatchKit App";
			sourceTree = "<group>";
		};
		DC0831861E407B8000A62520 /* Stand Minus WatchKit Extension */ = {
			isa = PBXGroup;
			children = (
				DC0E8B3C1E52BABF00C2ACE3 /* InfoPlist.strings */,
				DC0E8AE51E527B7500C2ACE3 /* Localizable.strings */,
				DC788AF11E417BD000C7ED60 /* Stand Minus WatchKit Extension.entitlements */,
				DC0831891E407B8000A62520 /* InterfaceController.swift */,
				DC08318B1E407B8000A62520 /* ExtensionDelegate.swift */,
				DC08318D1E407B8000A62520 /* NotificationController.swift */,
				DC08318F1E407B8000A62520 /* ComplicationController.swift */,
				DC0831911E407B8000A62520 /* Assets.xcassets */,
				DC0831931E407B8000A62520 /* Info.plist */,
				DC0831871E407B8000A62520 /* Supporting Files */,
				DC9AC4801E480D8000F52028 /* TodayStandData.swift */,
				DC9AC4821E480D8E00F52028 /* StandHourQuery.swift */,
				DC0200081F0EF95C00ECA5EA /* DefaultsKey.swift */,
			);
			path = "Stand Minus WatchKit Extension";
			sourceTree = "<group>";
		};
		DC0831871E407B8000A62520 /* Supporting Files */ = {
			isa = PBXGroup;
			children = (
				DC0831881E407B8000A62520 /* PushNotificationPayload.apns */,
			);
			name = "Supporting Files";
			sourceTree = "<group>";
		};
		DC0E8AF51E52AFAF00C2ACE3 /* Steps ViewControlloers */ = {
			isa = PBXGroup;
			children = (
				DC0E8AFA1E52B00C00C2ACE3 /* StepOneViewController.swift */,
				DC0E8AF61E52AFE700C2ACE3 /* StepTwoViewController.swift */,
				DC0E8AF81E52AFF400C2ACE3 /* StepThreeViewController.swift */,
			);
			name = "Steps ViewControlloers";
			sourceTree = "<group>";
		};
		DC0E8B051E52B1E000C2ACE3 /* images */ = {
			isa = PBXGroup;
			children = (
				DC0E8B0C1E52B51800C2ACE3 /* step_one_tw.png */,
				DC0E8B0D1E52B51800C2ACE3 /* step_three_tw.png */,
				DCC18A541E52DBB200A0BA79 /* step_two_tw.png */,
				DC0E8B101E52B51800C2ACE3 /* step_one_zh.png */,
				DC0E8B111E52B51800C2ACE3 /* step_three_zh.png */,
				DC0E8B121E52B51800C2ACE3 /* step_two_zh.png */,
				DC0E8AFF1E52B1C300C2ACE3 /* step_one.png */,
				DC0E8B001E52B1C300C2ACE3 /* step_three.png */,
				DC0E8B011E52B1C300C2ACE3 /* step_two.png */,
			);
			name = images;
			sourceTree = "<group>";
		};
		DC38DC931F33EEB3002AE212 /* sdk */ = {
			isa = PBXGroup;
			children = (
				DC38DC941F33EEB3002AE212 /* libXG-SDK.a */,
				DC38DC961F33EEB3002AE212 /* XGPush.h */,
				DC38DC971F33EEB3002AE212 /* XGSetting.h */,
			);
			path = sdk;
			sourceTree = "<group>";
		};
		DC788AF21E417BD000C7ED60 /* Frameworks */ = {
			isa = PBXGroup;
			children = (
				DC38DC8B1F33EDCB002AE212 /* libXG-SDK.a */,
				DC38DC8D1F33EDCB002AE212 /* XGPush.h */,
				DC38DC8C1F33EDCB002AE212 /* XGSetting.h */,
				DCDAC5C11E432508004D6F10 /* libz.tbd */,
				DCDAC5B81E43247D004D6F10 /* SystemConfiguration.framework */,
				DCDAC5B61E43246B004D6F10 /* CoreTelephony.framework */,
				DC788AF61E41824D00C7ED60 /* HealthKit.framework */,
				DC788AF31E417BD000C7ED60 /* HealthKit.framework */,
			);
			name = Frameworks;
			sourceTree = "<group>";
		};
/* End PBXGroup section */

/* Begin PBXNativeTarget section */
		DC08314A1E407B7F00A62520 /* Stand Minus */ = {
			isa = PBXNativeTarget;
			buildConfigurationList = DC08319E1E407B8000A62520 /* Build configuration list for PBXNativeTarget "Stand Minus" */;
			buildPhases = (
				DC0831471E407B7F00A62520 /* Sources */,
				DC0831481E407B7F00A62520 /* Frameworks */,
				DC0831491E407B7F00A62520 /* Resources */,
				DC08319D1E407B8000A62520 /* Embed Watch Content */,
			);
			buildRules = (
			);
			dependencies = (
				DC0831761E407B8000A62520 /* PBXTargetDependency */,
			);
			name = "Stand Minus";
			productName = "Stand Minus";
			productReference = DC08314B1E407B7F00A62520 /* Stand Minus.app */;
			productType = "com.apple.product-type.application";
		};
		DC08315E1E407B8000A62520 /* Stand MinusTests */ = {
			isa = PBXNativeTarget;
			buildConfigurationList = DC0831A11E407B8000A62520 /* Build configuration list for PBXNativeTarget "Stand MinusTests" */;
			buildPhases = (
				DC08315B1E407B8000A62520 /* Sources */,
				DC08315C1E407B8000A62520 /* Frameworks */,
				DC08315D1E407B8000A62520 /* Resources */,
			);
			buildRules = (
			);
			dependencies = (
				DC0831611E407B8000A62520 /* PBXTargetDependency */,
			);
			name = "Stand MinusTests";
			productName = "Stand MinusTests";
			productReference = DC08315F1E407B8000A62520 /* Stand MinusTests.xctest */;
			productType = "com.apple.product-type.bundle.unit-test";
		};
		DC0831691E407B8000A62520 /* Stand MinusUITests */ = {
			isa = PBXNativeTarget;
			buildConfigurationList = DC0831A41E407B8000A62520 /* Build configuration list for PBXNativeTarget "Stand MinusUITests" */;
			buildPhases = (
				DC0831661E407B8000A62520 /* Sources */,
				DC0831671E407B8000A62520 /* Frameworks */,
				DC0831681E407B8000A62520 /* Resources */,
			);
			buildRules = (
			);
			dependencies = (
				DC08316C1E407B8000A62520 /* PBXTargetDependency */,
			);
			name = "Stand MinusUITests";
			productName = "Stand MinusUITests";
			productReference = DC08316A1E407B8000A62520 /* Stand MinusUITests.xctest */;
			productType = "com.apple.product-type.bundle.ui-testing";
		};
		DC0831721E407B8000A62520 /* Stand Minus WatchKit App */ = {
			isa = PBXNativeTarget;
			buildConfigurationList = DC08319A1E407B8000A62520 /* Build configuration list for PBXNativeTarget "Stand Minus WatchKit App" */;
			buildPhases = (
				DC0831711E407B8000A62520 /* Resources */,
				DC0831991E407B8000A62520 /* Embed App Extensions */,
			);
			buildRules = (
			);
			dependencies = (
				DC0831851E407B8000A62520 /* PBXTargetDependency */,
			);
			name = "Stand Minus WatchKit App";
			productName = "Stand Minus WatchKit App";
			productReference = DC0831731E407B8000A62520 /* Stand Minus WatchKit App.app */;
			productType = "com.apple.product-type.application.watchapp2";
		};
		DC0831811E407B8000A62520 /* Stand Minus WatchKit Extension */ = {
			isa = PBXNativeTarget;
			buildConfigurationList = DC0831961E407B8000A62520 /* Build configuration list for PBXNativeTarget "Stand Minus WatchKit Extension" */;
			buildPhases = (
				DC08317E1E407B8000A62520 /* Sources */,
				DC08317F1E407B8000A62520 /* Frameworks */,
				DC0831801E407B8000A62520 /* Resources */,
			);
			buildRules = (
			);
			dependencies = (
			);
			name = "Stand Minus WatchKit Extension";
			productName = "Stand Minus WatchKit Extension";
			productReference = DC0831821E407B8000A62520 /* Stand Minus WatchKit Extension.appex */;
			productType = "com.apple.product-type.watchkit2-extension";
		};
/* End PBXNativeTarget section */

/* Begin PBXProject section */
		DC0831431E407B7F00A62520 /* Project object */ = {
			isa = PBXProject;
			attributes = {
				LastSwiftUpdateCheck = 0820;
				LastUpgradeCheck = 0900;
				ORGANIZATIONNAME = ParusSoft.com;
				TargetAttributes = {
					DC08314A1E407B7F00A62520 = {
						CreatedOnToolsVersion = 8.2.1;
						DevelopmentTeam = 96NM39SGJ5;
						LastSwiftMigration = 0900;
						ProvisioningStyle = Automatic;
						SystemCapabilities = {
							com.apple.BackgroundModes = {
								enabled = 1;
							};
							com.apple.HealthKit = {
								enabled = 1;
							};
							com.apple.Push = {
								enabled = 1;
							};
						};
					};
					DC08315E1E407B8000A62520 = {
						CreatedOnToolsVersion = 8.2.1;
						DevelopmentTeam = 96NM39SGJ5;
						LastSwiftMigration = 0900;
						ProvisioningStyle = Automatic;
						TestTargetID = DC08314A1E407B7F00A62520;
					};
					DC0831691E407B8000A62520 = {
						CreatedOnToolsVersion = 8.2.1;
						DevelopmentTeam = 96NM39SGJ5;
						LastSwiftMigration = 0900;
						ProvisioningStyle = Automatic;
						TestTargetID = DC08314A1E407B7F00A62520;
					};
					DC0831721E407B8000A62520 = {
						CreatedOnToolsVersion = 8.2.1;
						DevelopmentTeam = 96NM39SGJ5;
						LastSwiftMigration = 0900;
						ProvisioningStyle = Automatic;
						SystemCapabilities = {
							com.apple.BackgroundModes.watchos.app = {
								enabled = 0;
							};
						};
					};
					DC0831811E407B8000A62520 = {
						CreatedOnToolsVersion = 8.2.1;
						DevelopmentTeam = 96NM39SGJ5;
						LastSwiftMigration = 0900;
						ProvisioningStyle = Automatic;
						SystemCapabilities = {
							com.apple.BackgroundModes.watchos.extension = {
								enabled = 0;
							};
							com.apple.HealthKit.watchos = {
								enabled = 1;
							};
							com.apple.Push = {
								enabled = 1;
							};
						};
					};
				};
			};
			buildConfigurationList = DC0831461E407B7F00A62520 /* Build configuration list for PBXProject "Stand Minus" */;
			compatibilityVersion = "Xcode 3.2";
			developmentRegion = English;
			hasScannedForEncodings = 0;
			knownRegions = (
				en,
				Base,
				"zh-Hans",
				"zh-Hant",
			);
			mainGroup = DC0831421E407B7F00A62520;
			productRefGroup = DC08314C1E407B7F00A62520 /* Products */;
			projectDirPath = "";
			projectRoot = "";
			targets = (
				DC08314A1E407B7F00A62520 /* Stand Minus */,
				DC08315E1E407B8000A62520 /* Stand MinusTests */,
				DC0831691E407B8000A62520 /* Stand MinusUITests */,
				DC0831721E407B8000A62520 /* Stand Minus WatchKit App */,
				DC0831811E407B8000A62520 /* Stand Minus WatchKit Extension */,
			);
		};
/* End PBXProject section */

/* Begin PBXResourcesBuildPhase section */
		DC0831491E407B7F00A62520 /* Resources */ = {
			isa = PBXResourcesBuildPhase;
			buildActionMask = 2147483647;
			files = (
				DC0831591E407B8000A62520 /* LaunchScreen.storyboard in Resources */,
				DC0E8B021E52B1C300C2ACE3 /* step_one.png in Resources */,
				DC0E8B181E52B51800C2ACE3 /* step_two_zh.png in Resources */,
				DC0E8B351E52BABF00C2ACE3 /* Localizable.strings in Resources */,
				DC0E8B2B1E52BABE00C2ACE3 /* InfoPlist.strings in Resources */,
				DCC18A551E52DBB200A0BA79 /* step_two_tw.png in Resources */,
				DC0E8B041E52B1C300C2ACE3 /* step_two.png in Resources */,
				DC0E8B031E52B1C300C2ACE3 /* step_three.png in Resources */,
				DC0E8B141E52B51800C2ACE3 /* step_three_tw.png in Resources */,
				DC0E8B161E52B51800C2ACE3 /* step_one_zh.png in Resources */,
				DC0831561E407B8000A62520 /* Assets.xcassets in Resources */,
				DC0E8B171E52B51800C2ACE3 /* step_three_zh.png in Resources */,
				DC0831541E407B8000A62520 /* Main.storyboard in Resources */,
				DC0E8B131E52B51800C2ACE3 /* step_one_tw.png in Resources */,
			);
			runOnlyForDeploymentPostprocessing = 0;
		};
		DC08315D1E407B8000A62520 /* Resources */ = {
			isa = PBXResourcesBuildPhase;
			buildActionMask = 2147483647;
			files = (
				DC0E8B441E52BAC000C2ACE3 /* InfoPlist.strings in Resources */,
			);
			runOnlyForDeploymentPostprocessing = 0;
		};
		DC0831681E407B8000A62520 /* Resources */ = {
			isa = PBXResourcesBuildPhase;
			buildActionMask = 2147483647;
			files = (
				DC0E8B3F1E52BAC000C2ACE3 /* InfoPlist.strings in Resources */,
			);
			runOnlyForDeploymentPostprocessing = 0;
		};
		DC0831711E407B8000A62520 /* Resources */ = {
			isa = PBXResourcesBuildPhase;
			buildActionMask = 2147483647;
			files = (
				DC08317C1E407B8000A62520 /* Assets.xcassets in Resources */,
				DC0E8B301E52BABE00C2ACE3 /* InfoPlist.strings in Resources */,
				DC0BAF881E50620F0030C18C /* Assets.xcassets in Resources */,
				DC08317A1E407B8000A62520 /* Interface.storyboard in Resources */,
			);
			runOnlyForDeploymentPostprocessing = 0;
		};
		DC0831801E407B8000A62520 /* Resources */ = {
			isa = PBXResourcesBuildPhase;
			buildActionMask = 2147483647;
			files = (
				DC0BAF891E5062640030C18C /* Assets.xcassets in Resources */,
				DC0E8B3A1E52BABF00C2ACE3 /* InfoPlist.strings in Resources */,
				DC0E8AE31E527B7500C2ACE3 /* Localizable.strings in Resources */,
				DC0831921E407B8000A62520 /* Assets.xcassets in Resources */,
			);
			runOnlyForDeploymentPostprocessing = 0;
		};
/* End PBXResourcesBuildPhase section */

/* Begin PBXSourcesBuildPhase section */
		DC0831471E407B7F00A62520 /* Sources */ = {
			isa = PBXSourcesBuildPhase;
			buildActionMask = 2147483647;
			files = (
				DC468CB61F382CE6002BAC42 /* DefaultsKey.swift in Sources */,
				DC7C4F4E1F371B18001BFF83 /* MessageType.swift in Sources */,
				DC0E8B501E52D07F00C2ACE3 /* AboutViewController.swift in Sources */,
				DC468CB51F38248B002BAC42 /* DebugViewController.swift in Sources */,
				DC0E8AF91E52AFF400C2ACE3 /* StepThreeViewController.swift in Sources */,
				DC0E8AFB1E52B00C00C2ACE3 /* StepOneViewController.swift in Sources */,
				DCA8E9B31E5188BD004A3979 /* PageViewController.swift in Sources */,
				DC08314F1E407B7F00A62520 /* AppDelegate.swift in Sources */,
				DC0E8AF71E52AFE700C2ACE3 /* StepTwoViewController.swift in Sources */,
			);
			runOnlyForDeploymentPostprocessing = 0;
		};
		DC08315B1E407B8000A62520 /* Sources */ = {
			isa = PBXSourcesBuildPhase;
			buildActionMask = 2147483647;
			files = (
				DC0831641E407B8000A62520 /* Stand_MinusTests.swift in Sources */,
			);
			runOnlyForDeploymentPostprocessing = 0;
		};
		DC0831661E407B8000A62520 /* Sources */ = {
			isa = PBXSourcesBuildPhase;
			buildActionMask = 2147483647;
			files = (
				DC08316F1E407B8000A62520 /* Stand_MinusUITests.swift in Sources */,
			);
			runOnlyForDeploymentPostprocessing = 0;
		};
		DC08317E1E407B8000A62520 /* Sources */ = {
			isa = PBXSourcesBuildPhase;
			buildActionMask = 2147483647;
			files = (
				DC9AC4811E480D8000F52028 /* TodayStandData.swift in Sources */,
				DC0200091F0EF95C00ECA5EA /* DefaultsKey.swift in Sources */,
				DC08318E1E407B8000A62520 /* NotificationController.swift in Sources */,
				DC7C4F4F1F371B3A001BFF83 /* MessageType.swift in Sources */,
				DC0831901E407B8000A62520 /* ComplicationController.swift in Sources */,
				DC08318C1E407B8000A62520 /* ExtensionDelegate.swift in Sources */,
				DC9AC4831E480D8E00F52028 /* StandHourQuery.swift in Sources */,
				DC08318A1E407B8000A62520 /* InterfaceController.swift in Sources */,
			);
			runOnlyForDeploymentPostprocessing = 0;
		};
/* End PBXSourcesBuildPhase section */

/* Begin PBXTargetDependency section */
		DC0831611E407B8000A62520 /* PBXTargetDependency */ = {
			isa = PBXTargetDependency;
			target = DC08314A1E407B7F00A62520 /* Stand Minus */;
			targetProxy = DC0831601E407B8000A62520 /* PBXContainerItemProxy */;
		};
		DC08316C1E407B8000A62520 /* PBXTargetDependency */ = {
			isa = PBXTargetDependency;
			target = DC08314A1E407B7F00A62520 /* Stand Minus */;
			targetProxy = DC08316B1E407B8000A62520 /* PBXContainerItemProxy */;
		};
		DC0831761E407B8000A62520 /* PBXTargetDependency */ = {
			isa = PBXTargetDependency;
			target = DC0831721E407B8000A62520 /* Stand Minus WatchKit App */;
			targetProxy = DC0831751E407B8000A62520 /* PBXContainerItemProxy */;
		};
		DC0831851E407B8000A62520 /* PBXTargetDependency */ = {
			isa = PBXTargetDependency;
			target = DC0831811E407B8000A62520 /* Stand Minus WatchKit Extension */;
			targetProxy = DC0831841E407B8000A62520 /* PBXContainerItemProxy */;
		};
/* End PBXTargetDependency section */

/* Begin PBXVariantGroup section */
		DC0831521E407B8000A62520 /* Main.storyboard */ = {
			isa = PBXVariantGroup;
			children = (
				DC0E8B201E52B9D900C2ACE3 /* Base */,
				DC0E8B471E52BBC800C2ACE3 /* zh-Hans */,
				DC0E8B4B1E52C11C00C2ACE3 /* zh-Hant */,
			);
			name = Main.storyboard;
			sourceTree = "<group>";
		};
		DC0831571E407B8000A62520 /* LaunchScreen.storyboard */ = {
			isa = PBXVariantGroup;
			children = (
				DC0831581E407B8000A62520 /* Base */,
				DC0E8B211E52BAA300C2ACE3 /* zh-Hans */,
				DC0E8B251E52BAB000C2ACE3 /* zh-Hant */,
			);
			name = LaunchScreen.storyboard;
			sourceTree = "<group>";
		};
		DC0831781E407B8000A62520 /* Interface.storyboard */ = {
			isa = PBXVariantGroup;
			children = (
				DC0831791E407B8000A62520 /* Base */,
				DC0E8B221E52BAA300C2ACE3 /* zh-Hans */,
				DC0E8B261E52BAB000C2ACE3 /* zh-Hant */,
			);
			name = Interface.storyboard;
			sourceTree = "<group>";
		};
		DC0E8AE51E527B7500C2ACE3 /* Localizable.strings */ = {
			isa = PBXVariantGroup;
			children = (
				DC0E8AF11E527C4400C2ACE3 /* en */,
				DC0E8AF21E52851700C2ACE3 /* Base */,
				DC0E8B241E52BAA300C2ACE3 /* zh-Hans */,
				DC0E8B281E52BAB000C2ACE3 /* zh-Hant */,
			);
			name = Localizable.strings;
			sourceTree = "<group>";
		};
		DC0E8B2D1E52BABE00C2ACE3 /* InfoPlist.strings */ = {
			isa = PBXVariantGroup;
			children = (
				DC0E8B2C1E52BABE00C2ACE3 /* zh-Hans */,
				DC0E8B481E52C11B00C2ACE3 /* zh-Hant */,
			);
			name = InfoPlist.strings;
			sourceTree = "<group>";
		};
		DC0E8B321E52BABE00C2ACE3 /* InfoPlist.strings */ = {
			isa = PBXVariantGroup;
			children = (
				DC0E8B311E52BABE00C2ACE3 /* zh-Hans */,
				DC0E8B491E52C11C00C2ACE3 /* zh-Hant */,
			);
			name = InfoPlist.strings;
			sourceTree = "<group>";
		};
		DC0E8B371E52BABF00C2ACE3 /* Localizable.strings */ = {
			isa = PBXVariantGroup;
			children = (
				DC0E8B361E52BABF00C2ACE3 /* zh-Hans */,
				DC0E8B4A1E52C11C00C2ACE3 /* zh-Hant */,
			);
			name = Localizable.strings;
			sourceTree = "<group>";
		};
		DC0E8B3C1E52BABF00C2ACE3 /* InfoPlist.strings */ = {
			isa = PBXVariantGroup;
			children = (
				DC0E8B3B1E52BABF00C2ACE3 /* zh-Hans */,
				DC0E8B4C1E52C11C00C2ACE3 /* zh-Hant */,
			);
			name = InfoPlist.strings;
			sourceTree = "<group>";
		};
		DC0E8B411E52BAC000C2ACE3 /* InfoPlist.strings */ = {
			isa = PBXVariantGroup;
			children = (
				DC0E8B401E52BAC000C2ACE3 /* zh-Hans */,
				DC0E8B4D1E52C11C00C2ACE3 /* zh-Hant */,
			);
			name = InfoPlist.strings;
			sourceTree = "<group>";
		};
		DC0E8B461E52BAC000C2ACE3 /* InfoPlist.strings */ = {
			isa = PBXVariantGroup;
			children = (
				DC0E8B451E52BAC000C2ACE3 /* zh-Hans */,
				DC0E8B4E1E52C11D00C2ACE3 /* zh-Hant */,
			);
			name = InfoPlist.strings;
			sourceTree = "<group>";
		};
/* End PBXVariantGroup section */

/* Begin XCBuildConfiguration section */
		DC0831941E407B8000A62520 /* Debug */ = {
			isa = XCBuildConfiguration;
			buildSettings = {
				ALWAYS_SEARCH_USER_PATHS = NO;
				CLANG_ANALYZER_LOCALIZABILITY_NONLOCALIZED = YES;
				CLANG_ANALYZER_NONNULL = YES;
				CLANG_CXX_LANGUAGE_STANDARD = "gnu++0x";
				CLANG_CXX_LIBRARY = "libc++";
				CLANG_ENABLE_MODULES = YES;
				CLANG_ENABLE_OBJC_ARC = YES;
				CLANG_WARN_BLOCK_CAPTURE_AUTORELEASING = YES;
				CLANG_WARN_BOOL_CONVERSION = YES;
				CLANG_WARN_COMMA = YES;
				CLANG_WARN_CONSTANT_CONVERSION = YES;
				CLANG_WARN_DIRECT_OBJC_ISA_USAGE = YES_ERROR;
				CLANG_WARN_DOCUMENTATION_COMMENTS = YES;
				CLANG_WARN_EMPTY_BODY = YES;
				CLANG_WARN_ENUM_CONVERSION = YES;
				CLANG_WARN_INFINITE_RECURSION = YES;
				CLANG_WARN_INT_CONVERSION = YES;
				CLANG_WARN_NON_LITERAL_NULL_CONVERSION = YES;
				CLANG_WARN_OBJC_LITERAL_CONVERSION = YES;
				CLANG_WARN_OBJC_ROOT_CLASS = YES_ERROR;
				CLANG_WARN_RANGE_LOOP_ANALYSIS = YES;
				CLANG_WARN_STRICT_PROTOTYPES = YES;
				CLANG_WARN_SUSPICIOUS_MOVE = YES;
				CLANG_WARN_UNREACHABLE_CODE = YES;
				CLANG_WARN__DUPLICATE_METHOD_MATCH = YES;
				"CODE_SIGN_IDENTITY[sdk=iphoneos*]" = "iPhone Developer";
				COPY_PHASE_STRIP = NO;
				DEBUG_INFORMATION_FORMAT = dwarf;
				ENABLE_STRICT_OBJC_MSGSEND = YES;
				ENABLE_TESTABILITY = YES;
				GCC_C_LANGUAGE_STANDARD = gnu99;
				GCC_DYNAMIC_NO_PIC = NO;
				GCC_NO_COMMON_BLOCKS = YES;
				GCC_OPTIMIZATION_LEVEL = 0;
				GCC_PREPROCESSOR_DEFINITIONS = (
					"DEBUG=1",
					"$(inherited)",
				);
				GCC_WARN_64_TO_32_BIT_CONVERSION = YES;
				GCC_WARN_ABOUT_RETURN_TYPE = YES_ERROR;
				GCC_WARN_UNDECLARED_SELECTOR = YES;
				GCC_WARN_UNINITIALIZED_AUTOS = YES_AGGRESSIVE;
				GCC_WARN_UNUSED_FUNCTION = YES;
				GCC_WARN_UNUSED_VARIABLE = YES;
				IPHONEOS_DEPLOYMENT_TARGET = 11.0;
				MTL_ENABLE_DEBUG_INFO = YES;
				ONLY_ACTIVE_ARCH = YES;
				SDKROOT = iphoneos;
				SWIFT_ACTIVE_COMPILATION_CONDITIONS = DEBUG;
				SWIFT_OPTIMIZATION_LEVEL = "-Onone";
				SWIFT_SWIFT3_OBJC_INFERENCE = Off;
			};
			name = Debug;
		};
		DC0831951E407B8000A62520 /* Release */ = {
			isa = XCBuildConfiguration;
			buildSettings = {
				ALWAYS_SEARCH_USER_PATHS = NO;
				CLANG_ANALYZER_LOCALIZABILITY_NONLOCALIZED = YES;
				CLANG_ANALYZER_NONNULL = YES;
				CLANG_CXX_LANGUAGE_STANDARD = "gnu++0x";
				CLANG_CXX_LIBRARY = "libc++";
				CLANG_ENABLE_MODULES = YES;
				CLANG_ENABLE_OBJC_ARC = YES;
				CLANG_WARN_BLOCK_CAPTURE_AUTORELEASING = YES;
				CLANG_WARN_BOOL_CONVERSION = YES;
				CLANG_WARN_COMMA = YES;
				CLANG_WARN_CONSTANT_CONVERSION = YES;
				CLANG_WARN_DIRECT_OBJC_ISA_USAGE = YES_ERROR;
				CLANG_WARN_DOCUMENTATION_COMMENTS = YES;
				CLANG_WARN_EMPTY_BODY = YES;
				CLANG_WARN_ENUM_CONVERSION = YES;
				CLANG_WARN_INFINITE_RECURSION = YES;
				CLANG_WARN_INT_CONVERSION = YES;
				CLANG_WARN_NON_LITERAL_NULL_CONVERSION = YES;
				CLANG_WARN_OBJC_LITERAL_CONVERSION = YES;
				CLANG_WARN_OBJC_ROOT_CLASS = YES_ERROR;
				CLANG_WARN_RANGE_LOOP_ANALYSIS = YES;
				CLANG_WARN_STRICT_PROTOTYPES = YES;
				CLANG_WARN_SUSPICIOUS_MOVE = YES;
				CLANG_WARN_UNREACHABLE_CODE = YES;
				CLANG_WARN__DUPLICATE_METHOD_MATCH = YES;
				"CODE_SIGN_IDENTITY[sdk=iphoneos*]" = "iPhone Developer";
				COPY_PHASE_STRIP = NO;
				DEBUG_INFORMATION_FORMAT = "dwarf-with-dsym";
				ENABLE_NS_ASSERTIONS = NO;
				ENABLE_STRICT_OBJC_MSGSEND = YES;
				GCC_C_LANGUAGE_STANDARD = gnu99;
				GCC_NO_COMMON_BLOCKS = YES;
				GCC_WARN_64_TO_32_BIT_CONVERSION = YES;
				GCC_WARN_ABOUT_RETURN_TYPE = YES_ERROR;
				GCC_WARN_UNDECLARED_SELECTOR = YES;
				GCC_WARN_UNINITIALIZED_AUTOS = YES_AGGRESSIVE;
				GCC_WARN_UNUSED_FUNCTION = YES;
				GCC_WARN_UNUSED_VARIABLE = YES;
				IPHONEOS_DEPLOYMENT_TARGET = 11.0;
				MTL_ENABLE_DEBUG_INFO = NO;
				SDKROOT = iphoneos;
				SWIFT_OPTIMIZATION_LEVEL = "-Owholemodule";
				SWIFT_SWIFT3_OBJC_INFERENCE = Off;
				VALIDATE_PRODUCT = YES;
			};
			name = Release;
		};
		DC0831971E407B8000A62520 /* Debug */ = {
			isa = XCBuildConfiguration;
			buildSettings = {
				ASSETCATALOG_COMPILER_COMPLICATION_NAME = Complication;
				CODE_SIGN_ENTITLEMENTS = "Stand Minus WatchKit Extension/Stand Minus WatchKit Extension.entitlements";
				DEVELOPMENT_TEAM = 96NM39SGJ5;
				INFOPLIST_FILE = "Stand Minus WatchKit Extension/Info.plist";
				LD_RUNPATH_SEARCH_PATHS = "$(inherited) @executable_path/Frameworks @executable_path/../../Frameworks";
				PRODUCT_BUNDLE_IDENTIFIER = "com.parussoft.Stand-Minus.watchkitapp.watchkitextension";
				PRODUCT_NAME = "${TARGET_NAME}";
				SDKROOT = watchos;
				SKIP_INSTALL = YES;
				SWIFT_SWIFT3_OBJC_INFERENCE = Off;
				SWIFT_VERSION = 4.0;
				TARGETED_DEVICE_FAMILY = 4;
				WATCHOS_DEPLOYMENT_TARGET = 4.0;
			};
			name = Debug;
		};
		DC0831981E407B8000A62520 /* Release */ = {
			isa = XCBuildConfiguration;
			buildSettings = {
				ASSETCATALOG_COMPILER_COMPLICATION_NAME = Complication;
				CODE_SIGN_ENTITLEMENTS = "Stand Minus WatchKit Extension/Stand Minus WatchKit Extension.entitlements";
				DEVELOPMENT_TEAM = 96NM39SGJ5;
				INFOPLIST_FILE = "Stand Minus WatchKit Extension/Info.plist";
				LD_RUNPATH_SEARCH_PATHS = "$(inherited) @executable_path/Frameworks @executable_path/../../Frameworks";
				PRODUCT_BUNDLE_IDENTIFIER = "com.parussoft.Stand-Minus.watchkitapp.watchkitextension";
				PRODUCT_NAME = "${TARGET_NAME}";
				SDKROOT = watchos;
				SKIP_INSTALL = YES;
				SWIFT_SWIFT3_OBJC_INFERENCE = Off;
				SWIFT_VERSION = 4.0;
				TARGETED_DEVICE_FAMILY = 4;
				WATCHOS_DEPLOYMENT_TARGET = 4.0;
			};
			name = Release;
		};
		DC08319B1E407B8000A62520 /* Debug */ = {
			isa = XCBuildConfiguration;
			buildSettings = {
				ALWAYS_EMBED_SWIFT_STANDARD_LIBRARIES = YES;
				ASSETCATALOG_COMPILER_APPICON_NAME = AppIcon;
				DEVELOPMENT_TEAM = 96NM39SGJ5;
				IBSC_MODULE = Stand_Minus_WatchKit_Extension;
				INFOPLIST_FILE = "Stand Minus WatchKit App/Info.plist";
				PRODUCT_BUNDLE_IDENTIFIER = "com.parussoft.Stand-Minus.watchkitapp";
				PRODUCT_NAME = "$(TARGET_NAME)";
				SDKROOT = watchos;
				SKIP_INSTALL = YES;
				SWIFT_SWIFT3_OBJC_INFERENCE = On;
				SWIFT_VERSION = 4.0;
				TARGETED_DEVICE_FAMILY = 4;
				WATCHOS_DEPLOYMENT_TARGET = 4.0;
			};
			name = Debug;
		};
		DC08319C1E407B8000A62520 /* Release */ = {
			isa = XCBuildConfiguration;
			buildSettings = {
				ALWAYS_EMBED_SWIFT_STANDARD_LIBRARIES = YES;
				ASSETCATALOG_COMPILER_APPICON_NAME = AppIcon;
				DEVELOPMENT_TEAM = 96NM39SGJ5;
				IBSC_MODULE = Stand_Minus_WatchKit_Extension;
				INFOPLIST_FILE = "Stand Minus WatchKit App/Info.plist";
				PRODUCT_BUNDLE_IDENTIFIER = "com.parussoft.Stand-Minus.watchkitapp";
				PRODUCT_NAME = "$(TARGET_NAME)";
				SDKROOT = watchos;
				SKIP_INSTALL = YES;
				SWIFT_SWIFT3_OBJC_INFERENCE = On;
				SWIFT_VERSION = 4.0;
				TARGETED_DEVICE_FAMILY = 4;
				WATCHOS_DEPLOYMENT_TARGET = 4.0;
			};
			name = Release;
		};
		DC08319F1E407B8000A62520 /* Debug */ = {
			isa = XCBuildConfiguration;
			buildSettings = {
				ASSETCATALOG_COMPILER_APPICON_NAME = AppIcon;
				CLANG_ENABLE_MODULES = YES;
				CODE_SIGN_ENTITLEMENTS = "Stand Minus/Stand Minus.entitlements";
				DEVELOPMENT_TEAM = 96NM39SGJ5;
				INFOPLIST_FILE = "Stand Minus/Info.plist";
				LD_RUNPATH_SEARCH_PATHS = "$(inherited) @executable_path/Frameworks";
				LIBRARY_SEARCH_PATHS = (
					"$(inherited)",
					"$(PROJECT_DIR)/sdk",
				);
				PRODUCT_BUNDLE_IDENTIFIER = "com.parussoft.Stand-Minus";
				PRODUCT_NAME = "$(TARGET_NAME)";
				SWIFT_OBJC_BRIDGING_HEADER = "Stand Minus/Stand Minus-Bridging-Header.h";
				SWIFT_OPTIMIZATION_LEVEL = "-Onone";
				SWIFT_SWIFT3_OBJC_INFERENCE = Off;
				SWIFT_VERSION = 4.0;
			};
			name = Debug;
		};
		DC0831A01E407B8000A62520 /* Release */ = {
			isa = XCBuildConfiguration;
			buildSettings = {
				ASSETCATALOG_COMPILER_APPICON_NAME = AppIcon;
				CLANG_ENABLE_MODULES = YES;
				CODE_SIGN_ENTITLEMENTS = "Stand Minus/Stand Minus.entitlements";
				DEVELOPMENT_TEAM = 96NM39SGJ5;
				INFOPLIST_FILE = "Stand Minus/Info.plist";
				LD_RUNPATH_SEARCH_PATHS = "$(inherited) @executable_path/Frameworks";
				LIBRARY_SEARCH_PATHS = (
					"$(inherited)",
					"$(PROJECT_DIR)/sdk",
				);
				PRODUCT_BUNDLE_IDENTIFIER = "com.parussoft.Stand-Minus";
				PRODUCT_NAME = "$(TARGET_NAME)";
				SWIFT_OBJC_BRIDGING_HEADER = "Stand Minus/Stand Minus-Bridging-Header.h";
				SWIFT_SWIFT3_OBJC_INFERENCE = Off;
				SWIFT_VERSION = 4.0;
			};
			name = Release;
		};
		DC0831A21E407B8000A62520 /* Debug */ = {
			isa = XCBuildConfiguration;
			buildSettings = {
				ALWAYS_EMBED_SWIFT_STANDARD_LIBRARIES = YES;
				BUNDLE_LOADER = "$(TEST_HOST)";
				DEVELOPMENT_TEAM = 96NM39SGJ5;
				INFOPLIST_FILE = "Stand MinusTests/Info.plist";
				LD_RUNPATH_SEARCH_PATHS = "$(inherited) @executable_path/Frameworks @loader_path/Frameworks";
				PRODUCT_BUNDLE_IDENTIFIER = "com.parussoft.Stand-MinusTests";
				PRODUCT_NAME = "$(TARGET_NAME)";
				SWIFT_SWIFT3_OBJC_INFERENCE = Off;
				SWIFT_VERSION = 4.0;
				TEST_HOST = "$(BUILT_PRODUCTS_DIR)/Stand Minus.app/Stand Minus";
			};
			name = Debug;
		};
		DC0831A31E407B8000A62520 /* Release */ = {
			isa = XCBuildConfiguration;
			buildSettings = {
				ALWAYS_EMBED_SWIFT_STANDARD_LIBRARIES = YES;
				BUNDLE_LOADER = "$(TEST_HOST)";
				DEVELOPMENT_TEAM = 96NM39SGJ5;
				INFOPLIST_FILE = "Stand MinusTests/Info.plist";
				LD_RUNPATH_SEARCH_PATHS = "$(inherited) @executable_path/Frameworks @loader_path/Frameworks";
				PRODUCT_BUNDLE_IDENTIFIER = "com.parussoft.Stand-MinusTests";
				PRODUCT_NAME = "$(TARGET_NAME)";
				SWIFT_SWIFT3_OBJC_INFERENCE = Off;
				SWIFT_VERSION = 4.0;
				TEST_HOST = "$(BUILT_PRODUCTS_DIR)/Stand Minus.app/Stand Minus";
			};
			name = Release;
		};
		DC0831A51E407B8000A62520 /* Debug */ = {
			isa = XCBuildConfiguration;
			buildSettings = {
				ALWAYS_EMBED_SWIFT_STANDARD_LIBRARIES = YES;
				DEVELOPMENT_TEAM = 96NM39SGJ5;
				INFOPLIST_FILE = "Stand MinusUITests/Info.plist";
				LD_RUNPATH_SEARCH_PATHS = "$(inherited) @executable_path/Frameworks @loader_path/Frameworks";
				PRODUCT_BUNDLE_IDENTIFIER = "com.parussoft.Stand-MinusUITests";
				PRODUCT_NAME = "$(TARGET_NAME)";
				SWIFT_SWIFT3_OBJC_INFERENCE = Off;
				SWIFT_VERSION = 4.0;
				TEST_TARGET_NAME = "Stand Minus";
			};
			name = Debug;
		};
		DC0831A61E407B8000A62520 /* Release */ = {
			isa = XCBuildConfiguration;
			buildSettings = {
				ALWAYS_EMBED_SWIFT_STANDARD_LIBRARIES = YES;
				DEVELOPMENT_TEAM = 96NM39SGJ5;
				INFOPLIST_FILE = "Stand MinusUITests/Info.plist";
				LD_RUNPATH_SEARCH_PATHS = "$(inherited) @executable_path/Frameworks @loader_path/Frameworks";
				PRODUCT_BUNDLE_IDENTIFIER = "com.parussoft.Stand-MinusUITests";
				PRODUCT_NAME = "$(TARGET_NAME)";
				SWIFT_SWIFT3_OBJC_INFERENCE = Off;
				SWIFT_VERSION = 4.0;
				TEST_TARGET_NAME = "Stand Minus";
			};
			name = Release;
		};
/* End XCBuildConfiguration section */

/* Begin XCConfigurationList section */
		DC0831461E407B7F00A62520 /* Build configuration list for PBXProject "Stand Minus" */ = {
			isa = XCConfigurationList;
			buildConfigurations = (
				DC0831941E407B8000A62520 /* Debug */,
				DC0831951E407B8000A62520 /* Release */,
			);
			defaultConfigurationIsVisible = 0;
			defaultConfigurationName = Release;
		};
		DC0831961E407B8000A62520 /* Build configuration list for PBXNativeTarget "Stand Minus WatchKit Extension" */ = {
			isa = XCConfigurationList;
			buildConfigurations = (
				DC0831971E407B8000A62520 /* Debug */,
				DC0831981E407B8000A62520 /* Release */,
			);
			defaultConfigurationIsVisible = 0;
			defaultConfigurationName = Release;
		};
		DC08319A1E407B8000A62520 /* Build configuration list for PBXNativeTarget "Stand Minus WatchKit App" */ = {
			isa = XCConfigurationList;
			buildConfigurations = (
				DC08319B1E407B8000A62520 /* Debug */,
				DC08319C1E407B8000A62520 /* Release */,
			);
			defaultConfigurationIsVisible = 0;
			defaultConfigurationName = Release;
		};
		DC08319E1E407B8000A62520 /* Build configuration list for PBXNativeTarget "Stand Minus" */ = {
			isa = XCConfigurationList;
			buildConfigurations = (
				DC08319F1E407B8000A62520 /* Debug */,
				DC0831A01E407B8000A62520 /* Release */,
			);
			defaultConfigurationIsVisible = 0;
			defaultConfigurationName = Release;
		};
		DC0831A11E407B8000A62520 /* Build configuration list for PBXNativeTarget "Stand MinusTests" */ = {
			isa = XCConfigurationList;
			buildConfigurations = (
				DC0831A21E407B8000A62520 /* Debug */,
				DC0831A31E407B8000A62520 /* Release */,
			);
			defaultConfigurationIsVisible = 0;
			defaultConfigurationName = Release;
		};
		DC0831A41E407B8000A62520 /* Build configuration list for PBXNativeTarget "Stand MinusUITests" */ = {
			isa = XCConfigurationList;
			buildConfigurations = (
				DC0831A51E407B8000A62520 /* Debug */,
				DC0831A61E407B8000A62520 /* Release */,
			);
			defaultConfigurationIsVisible = 0;
			defaultConfigurationName = Release;
		};
/* End XCConfigurationList section */
	};
	rootObject = DC0831431E407B7F00A62520 /* Project object */;
}
